
Microsoft Visual Studio Solution File, Format Version 12.00
# Visual Studio Version 17
VisualStudioVersion = 17.9.34728.123
MinimumVisualStudioVersion = 10.0.40219.1
Project("{FAE04EC0-301F-11D3-BF4B-00C04F79EFBC}") = "NZWalks.API", "NZWalks.API\NZWalks.API.csproj", "{7A55CEDE-C0BB-41CE-8081-0D02276F9FE3}"
EndProject
Global
	GlobalSection(SolutionConfigurationPlatforms) = preSolution
		Debug|Any CPU = Debug|Any CPU
		Release|Any CPU = Release|Any CPU
	EndGlobalSection
	GlobalSection(ProjectConfigurationPlatforms) = postSolution
		{7A55CEDE-C0BB-41CE-8081-0D02276F9FE3}.Debug|Any CPU.ActiveCfg = Debug|Any CPU
		{7A55CEDE-C0BB-41CE-8081-0D02276F9FE3}.Debug|Any CPU.Build.0 = Debug|Any CPU
		{7A55CEDE-C0BB-41CE-8081-0D02276F9FE3}.Release|Any CPU.ActiveCfg = Release|Any CPU
		{7A55CEDE-C0BB-41CE-8081-0D02276F9FE3}.Release|Any CPU.Build.0 = Release|Any CPU
	EndGlobalSection
	GlobalSection(SolutionProperties) = preSolution
		HideSolutionNode = FALSE
	EndGlobalSection
	GlobalSection(ExtensibilityGlobals) = postSolution
		SolutionGuid = {24FB1F5D-85D4-4B89-BA8A-981A121FB23B}
	EndGlobalSection
EndGlobal
